
Microsoft Visual Studio Solution File, Format Version 12.00
# Visual Studio Version 17
VisualStudioVersion = 17.14.36705.20
MinimumVisualStudioVersion = 10.0.40219.1
Project("{FAE04EC0-301F-11D3-BF4B-00C04F79EFBC}") = "DepthClockWallpaper", "DepthClockWallpaper.csproj", "{1C974679-83C2-46E9-C1B2-C9819D79BF58}"
EndProject
Global
	GlobalSection(SolutionConfigurationPlatforms) = preSolution
		Debug|Any CPU = Debug|Any CPU
		Debug|x64 = Debug|x64
		Release|Any CPU = Release|Any CPU
		Release|x64 = Release|x64
	EndGlobalSection
	GlobalSection(ProjectConfigurationPlatforms) = postSolution
		{1C974679-83C2-46E9-C1B2-C9819D79BF58}.Debug|Any CPU.ActiveCfg = Debug|Any CPU
		{1C974679-83C2-46E9-C1B2-C9819D79BF58}.Debug|Any CPU.Build.0 = Debug|Any CPU
		{1C974679-83C2-46E9-C1B2-C9819D79BF58}.Debug|x64.ActiveCfg = Debug|x64
		{1C974679-83C2-46E9-C1B2-C9819D79BF58}.Debug|x64.Build.0 = Debug|x64
		{1C974679-83C2-46E9-C1B2-C9819D79BF58}.Release|Any CPU.ActiveCfg = Release|Any CPU
		{1C974679-83C2-46E9-C1B2-C9819D79BF58}.Release|Any CPU.Build.0 = Release|Any CPU
		{1C974679-83C2-46E9-C1B2-C9819D79BF58}.Release|x64.ActiveCfg = Release|x64
		{1C974679-83C2-46E9-C1B2-C9819D79BF58}.Release|x64.Build.0 = Release|x64
	EndGlobalSection
	GlobalSection(SolutionProperties) = preSolution
		HideSolutionNode = FALSE
	EndGlobalSection
	GlobalSection(ExtensibilityGlobals) = postSolution
		SolutionGuid = {AB3934A0-ADAB-4DF2-A11F-0EC5DF0F07B0}
	EndGlobalSection
EndGlobal
